
Microsoft Visual Studio Solution File, Format Version 12.00
# Visual Studio Version 17
VisualStudioVersion = 17.3.32901.215
MinimumVisualStudioVersion = 10.0.40219.1
Project("{FAE04EC0-301F-11D3-BF4B-00C04F79EFBC}") = "list örnek", "list örnek\list örnek.csproj", "{BE4EBAE4-1263-4E08-B384-C28BDDF8A121}"
EndProject
Global
	GlobalSection(SolutionConfigurationPlatforms) = preSolution
		Debug|Any CPU = Debug|Any CPU
		Release|Any CPU = Release|Any CPU
	EndGlobalSection
	GlobalSection(ProjectConfigurationPlatforms) = postSolution
		{BE4EBAE4-1263-4E08-B384-C28BDDF8A121}.Debug|Any CPU.ActiveCfg = Debug|Any CPU
		{BE4EBAE4-1263-4E08-B384-C28BDDF8A121}.Debug|Any CPU.Build.0 = Debug|Any CPU
		{BE4EBAE4-1263-4E08-B384-C28BDDF8A121}.Release|Any CPU.ActiveCfg = Release|Any CPU
		{BE4EBAE4-1263-4E08-B384-C28BDDF8A121}.Release|Any CPU.Build.0 = Release|Any CPU
	EndGlobalSection
	GlobalSection(SolutionProperties) = preSolution
		HideSolutionNode = FALSE
	EndGlobalSection
	GlobalSection(ExtensibilityGlobals) = postSolution
		SolutionGuid = {3936FBC4-30EC-4991-A262-C2BE4D98B0DE}
	EndGlobalSection
EndGlobal
